// !$*UTF8*$!
{
	archiveVersion = 1;
	classes = {
	};
	objectVersion = 70;
	objects = {

/* Begin PBXBuildFile section */
		A2D42F1B19FEC6ED0098F93B /* main.cpp in Sources */ = {isa = PBXBuildFile; fileRef = A2D42F1A19FEC6ED0098F93B /* main.cpp */; };
/* End PBXBuildFile section */

/* Begin PBXCopyFilesBuildPhase section */
		A2D42F1519FEC6ED0098F93B /* CopyFiles */ = {
			isa = PBXCopyFilesBuildPhase;
			buildActionMask = 2147483647;
			dstPath = /usr/share/man/man1/;
			dstSubfolderSpec = 0;
			files = (
			);
			runOnlyForDeploymentPostprocessing = 1;
		};
/* End PBXCopyFilesBuildPhase section */

/* Begin PBXFileReference section */
		628DE11D2F951039003C9F82 /* 6. Zigzag Conversion.h */ = {isa = PBXFileReference; lastKnownFileType = sourcecode.c.h; path = "6. Zigzag Conversion.h"; sourceTree = "<group>"; };
		628DE11E2F951039003C9F82 /* 7. Integer to Roman.h */ = {isa = PBXFileReference; lastKnownFileType = sourcecode.c.h; path = "7. Integer to Roman.h"; sourceTree = "<group>"; };
		628DE11F2F951072003C9F82 /* 76. Minimum Window Substring.h */ = {isa = PBXFileReference; lastKnownFileType = sourcecode.c.h; path = "76. Minimum Window Substring.h"; sourceTree = "<group>"; };
		628DE1202F951072003C9F82 /* 78. Subsets.h */ = {isa = PBXFileReference; lastKnownFileType = sourcecode.c.h; path = "78. Subsets.h"; sourceTree = "<group>"; };
		628DE1212F951072003C9F82 /* 79. Word Search.h */ = {isa = PBXFileReference; lastKnownFileType = sourcecode.c.h; path = "79. Word Search.h"; sourceTree = "<group>"; };
		628DE1222F951072003C9F82 /* 84. Largest Rectangle in Histogram.h */ = {isa = PBXFileReference; lastKnownFileType = sourcecode.c.h; path = "84. Largest Rectangle in Histogram.h"; sourceTree = "<group>"; };
		628DE1232F951072003C9F82 /* 85. Maximal Rectangle.h */ = {isa = PBXFileReference; lastKnownFileType = sourcecode.c.h; path = "85. Maximal Rectangle.h"; sourceTree = "<group>"; };
		628DE1242F951072003C9F82 /* 94. Binary Tree Inorder Traversal.h */ = {isa = PBXFileReference; lastKnownFileType = sourcecode.c.h; path = "94. Binary Tree Inorder Traversal.h"; sourceTree = "<group>"; };
		628DE1252F951072003C9F82 /* 96. Unique Binary Search Trees.h */ = {isa = PBXFileReference; lastKnownFileType = sourcecode.c.h; path = "96. Unique Binary Search Trees.h"; sourceTree = "<group>"; };
		628DE1262F951072003C9F82 /* 98. Validate Binary Search Tree.h */ = {isa = PBXFileReference; lastKnownFileType = sourcecode.c.h; path = "98. Validate Binary Search Tree.h"; sourceTree = "<group>"; };
		628DE1272F951072003C9F82 /* 101. Symmetric Tree.h */ = {isa = PBXFileReference; lastKnownFileType = sourcecode.c.h; path = "101. Symmetric Tree.h"; sourceTree = "<group>"; };
		628DE1282F951072003C9F82 /* 102. Binary Tree Level Order Traversal.h */ = {isa = PBXFileReference; lastKnownFileType = sourcecode.c.h; path = "102. Binary Tree Level Order Traversal.h"; sourceTree = "<group>"; };
		628DE1292F951072003C9F82 /* 104. Maximum Depth of Binary Tree.h */ = {isa = PBXFileReference; lastKnownFileType = sourcecode.c.h; path = "104. Maximum Depth of Binary Tree.h"; sourceTree = "<group>"; };
		628DE12A2F951072003C9F82 /* 105. Construct Binary Tree from Preorder and Inorder Traversal.h */ = {isa = PBXFileReference; lastKnownFileType = sourcecode.c.h; path = "105. Construct Binary Tree from Preorder and Inorder Traversal.h"; sourceTree = "<group>"; };
		628DE12B2F951072003C9F82 /* 114. Flatten Binary Tree to Linked List.h */ = {isa = PBXFileReference; lastKnownFileType = sourcecode.c.h; path = "114. Flatten Binary Tree to Linked List.h"; sourceTree = "<group>"; };
		628DE12C2F951072003C9F82 /* 121. Best Time to Buy and Sell Stock.h */ = {isa = PBXFileReference; lastKnownFileType = sourcecode.c.h; path = "121. Best Time to Buy and Sell Stock.h"; sourceTree = "<group>"; };
		628DE12D2F951072003C9F82 /* 124. Binary Tree Maximum Path Sum.h */ = {isa = PBXFileReference; lastKnownFileType = sourcecode.c.h; path = "124. Binary Tree Maximum Path Sum.h"; sourceTree = "<group>"; };
		628DE12E2F951072003C9F82 /* 128. Longest Consecutive Sequence.h */ = {isa = PBXFileReference; lastKnownFileType = sourcecode.c.h; path = "128. Longest Consecutive Sequence.h"; sourceTree = "<group>"; };
		628DE12F2F951072003C9F82 /* 136. Single Number.h */ = {isa = PBXFileReference; lastKnownFileType = sourcecode.c.h; path = "136. Single Number.h"; sourceTree = "<group>"; };
		628DE1302F951072003C9F82 /* 138. copyRandomList.h */ = {isa = PBXFileReference; lastKnownFileType = sourcecode.c.h; path = "138. copyRandomList.h"; sourceTree = "<group>"; };
		628DE1312F951072003C9F82 /* 139. Word Break.h */ = {isa = PBXFileReference; lastKnownFileType = sourcecode.c.h; path = "139. Word Break.h"; sourceTree = "<group>"; };
		628DE1322F951072003C9F82 /* 141. Linked List Cycle.h */ = {isa = PBXFileReference; lastKnownFileType = sourcecode.c.h; path = "141. Linked List Cycle.h"; sourceTree = "<group>"; };
		628DE1332F951072003C9F82 /* 142. Linked List Cycle II.h */ = {isa = PBXFileReference; lastKnownFileType = sourcecode.c.h; path = "142. Linked List Cycle II.h"; sourceTree = "<group>"; };
		628DE1342F951072003C9F82 /* 146. LRU Cache.h */ = {isa = PBXFileReference; lastKnownFileType = sourcecode.c.h; path = "146. LRU Cache.h"; sourceTree = "<group>"; };
		628DE1352F951072003C9F82 /* 148. Sort List.h */ = {isa = PBXFileReference; lastKnownFileType = sourcecode.c.h; path = "148. Sort List.h"; sourceTree = "<group>"; };
		628DE1362F951072003C9F82 /* 152. Maximum Product Subarray.h */ = {isa = PBXFileReference; lastKnownFileType = sourcecode.c.h; path = "152. Maximum Product Subarray.h"; sourceTree = "<group>"; };
		628DE1372F951072003C9F82 /* 155. Min Stack.h */ = {isa = PBXFileReference; lastKnownFileType = sourcecode.c.h; path = "155. Min Stack.h"; sourceTree = "<group>"; };
		628DE1382F951072003C9F82 /* 160. Intersection of Two Linked Lists.h */ = {isa = PBXFileReference; lastKnownFileType = sourcecode.c.h; path = "160. Intersection of Two Linked Lists.h"; sourceTree = "<group>"; };
		628DE1392F951072003C9F82 /* 169. Majority Element.h */ = {isa = PBXFileReference; lastKnownFileType = sourcecode.c.h; path = "169. Majority Element.h"; sourceTree = "<group>"; };
		628DE13A2F951072003C9F82 /* 198. House Robber.h */ = {isa = PBXFileReference; lastKnownFileType = sourcecode.c.h; path = "198. House Robber.h"; sourceTree = "<group>"; };
		628DE13B2F951072003C9F82 /* 200. Number of Islands.h */ = {isa = PBXFileReference; lastKnownFileType = sourcecode.c.h; path = "200. Number of Islands.h"; sourceTree = "<group>"; };
		628DE13C2F951072003C9F82 /* 206. Reverse Linked List.h */ = {isa = PBXFileReference; lastKnownFileType = sourcecode.c.h; path = "206. Reverse Linked List.h"; sourceTree = "<group>"; };
		628DE13D2F951072003C9F82 /* 207. Course Schedule.h */ = {isa = PBXFileReference; lastKnownFileType = sourcecode.c.h; path = "207. Course Schedule.h"; sourceTree = "<group>"; };
		628DE13E2F951072003C9F82 /* 208. Implement Trie.h */ = {isa = PBXFileReference; lastKnownFileType = sourcecode.c.h; path = "208. Implement Trie.h"; sourceTree = "<group>"; };
		628DE13F2F951072003C9F82 /* 215. Kth Largest Element in an Array.h */ = {isa = PBXFileReference; lastKnownFileType = sourcecode.c.h; path = "215. Kth Largest Element in an Array.h"; sourceTree = "<group>"; };
		628DE1402F951072003C9F82 /* 221. Maximal Square.h */ = {isa = PBXFileReference; lastKnownFileType = sourcecode.c.h; path = "221. Maximal Square.h"; sourceTree = "<group>"; };
		628DE1412F951072003C9F82 /* 226. Invert Binary Tree.h */ = {isa = PBXFileReference; lastKnownFileType = sourcecode.c.h; path = "226. Invert Binary Tree.h"; sourceTree = "<group>"; };
		628DE1422F951072003C9F82 /* 234. Palindrome Linked List.h */ = {isa = PBXFileReference; lastKnownFileType = sourcecode.c.h; path = "234. Palindrome Linked List.h"; sourceTree = "<group>"; };
		628DE1432F951072003C9F82 /* 236. Lowest Common Ancestor of a Binary Tree.h */ = {isa = PBXFileReference; lastKnownFileType = sourcecode.c.h; path = "236. Lowest Common Ancestor of a Binary Tree.h"; sourceTree = "<group>"; };
		628DE1442F951072003C9F82 /* 238. Product of Array Except Self.h */ = {isa = PBXFileReference; lastKnownFileType = sourcecode.c.h; path = "238. Product of Array Except Self.h"; sourceTree = "<group>"; };
		628DE1452F951072003C9F82 /* 239. Sliding Window Maximum.h */ = {isa = PBXFileReference; lastKnownFileType = sourcecode.c.h; path = "239. Sliding Window Maximum.h"; sourceTree = "<group>"; };
		628DE1462F951072003C9F82 /* 240. Search a 2D Matrix II.h */ = {isa = PBXFileReference; lastKnownFileType = sourcecode.c.h; path = "240. Search a 2D Matrix II.h"; sourceTree = "<group>"; };
		628DE1472F951072003C9F82 /* 253. Meeting Rooms II.h */ = {isa = PBXFileReference; lastKnownFileType = sourcecode.c.h; path = "253. Meeting Rooms II.h"; sourceTree = "<group>"; };
		628DE1482F951072003C9F82 /* 279. Perfect Squares.h */ = {isa = PBXFileReference; lastKnownFileType = sourcecode.c.h; path = "279. Perfect Squares.h"; sourceTree = "<group>"; };
		628DE1492F951072003C9F82 /* 283. Move Zeroes.h */ = {isa = PBXFileReference; lastKnownFileType = sourcecode.c.h; path = "283. Move Zeroes.h"; sourceTree = "<group>"; };
		628DE14A2F951072003C9F82 /* 287. Find the Duplicate Number.h */ = {isa = PBXFileReference; lastKnownFileType = sourcecode.c.h; path = "287. Find the Duplicate Number.h"; sourceTree = "<group>"; };
		628DE14B2F951072003C9F82 /* 297. Serialize and Deserialize Binary Tree.h */ = {isa = PBXFileReference; lastKnownFileType = sourcecode.c.h; path = "297. Serialize and Deserialize Binary Tree.h"; sourceTree = "<group>"; };
		628DE14C2F951072003C9F82 /* 300. Longest Increasing Subsequence.h */ = {isa = PBXFileReference; lastKnownFileType = sourcecode.c.h; path = "300. Longest Increasing Subsequence.h"; sourceTree = "<group>"; };
		628DE14D2F951072003C9F82 /* 301. Remove Invalid Parentheses.h */ = {isa = PBXFileReference; lastKnownFileType = sourcecode.c.h; path = "301. Remove Invalid Parentheses.h"; sourceTree = "<group>"; };
		628DE14E2F951072003C9F82 /* 309. Best Time to Buy and Sell Stock with Cooldown.h */ = {isa = PBXFileReference; lastKnownFileType = sourcecode.c.h; path = "309. Best Time to Buy and Sell Stock with Cooldown.h"; sourceTree = "<group>"; };
		628DE14F2F951072003C9F82 /* 312. Burst Balloons.h */ = {isa = PBXFileReference; lastKnownFileType = sourcecode.c.h; path = "312. Burst Balloons.h"; sourceTree = "<group>"; };
		628DE1502F951072003C9F82 /* 322. Coin Change.h */ = {isa = PBXFileReference; lastKnownFileType = sourcecode.c.h; path = "322. Coin Change.h"; sourceTree = "<group>"; };
		628DE1512F951072003C9F82 /* 337. House Robber III.h */ = {isa = PBXFileReference; lastKnownFileType = sourcecode.c.h; path = "337. House Robber III.h"; sourceTree = "<group>"; };
		628DE1522F951072003C9F82 /* 338. Counting Bits.h */ = {isa = PBXFileReference; lastKnownFileType = sourcecode.c.h; path = "338. Counting Bits.h"; sourceTree = "<group>"; };
		628DE1532F951072003C9F82 /* 347. Top K Frequent Elements.h */ = {isa = PBXFileReference; lastKnownFileType = sourcecode.c.h; path = "347. Top K Frequent Elements.h"; sourceTree = "<group>"; };
		628DE1542F951072003C9F82 /* 394. Decode String.h */ = {isa = PBXFileReference; lastKnownFileType = sourcecode.c.h; path = "394. Decode String.h"; sourceTree = "<group>"; };
		628DE1552F951072003C9F82 /* 399. Evaluate Division.h */ = {isa = PBXFileReference; lastKnownFileType = sourcecode.c.h; path = "399. Evaluate Division.h"; sourceTree = "<group>"; };
		628DE1562F951072003C9F82 /* 406. Queue Reconstruction by Height.h */ = {isa = PBXFileReference; lastKnownFileType = sourcecode.c.h; path = "406. Queue Reconstruction by Height.h"; sourceTree = "<group>"; };
		628DE1572F951072003C9F82 /* 416. Partition Equal Subset Sum.h */ = {isa = PBXFileReference; lastKnownFileType = sourcecode.c.h; path = "416. Partition Equal Subset Sum.h"; sourceTree = "<group>"; };
		628DE1582F951072003C9F82 /* 437. Path Sum III.h */ = {isa = PBXFileReference; lastKnownFileType = sourcecode.c.h; path = "437. Path Sum III.h"; sourceTree = "<group>"; };
		628DE1592F951072003C9F82 /* 438. Find All Anagrams in a String.h */ = {isa = PBXFileReference; lastKnownFileType = sourcecode.c.h; path = "438. Find All Anagrams in a String.h"; sourceTree = "<group>"; };
		628DE15A2F951072003C9F82 /* 448. Find All Numbers Disappeared in an Array.h */ = {isa = PBXFileReference; lastKnownFileType = sourcecode.c.h; path = "448. Find All Numbers Disappeared in an Array.h"; sourceTree = "<group>"; };
		628DE15B2F951072003C9F82 /* 461. Hamming Distance.h */ = {isa = PBXFileReference; lastKnownFileType = sourcecode.c.h; path = "461. Hamming Distance.h"; sourceTree = "<group>"; };
		628DE15C2F951072003C9F82 /* 494. Target Sum.h */ = {isa = PBXFileReference; lastKnownFileType = sourcecode.c.h; path = "494. Target Sum.h"; sourceTree = "<group>"; };
		628DE15D2F951072003C9F82 /* 538. Convert BST to Greater Tree.h */ = {isa = PBXFileReference; lastKnownFileType = sourcecode.c.h; path = "538. Convert BST to Greater Tree.h"; sourceTree = "<group>"; };
		628DE15E2F951072003C9F82 /* 543. Diameter of Binary Tree.h */ = {isa = PBXFileReference; lastKnownFileType = sourcecode.c.h; path = "543. Diameter of Binary Tree.h"; sourceTree = "<group>"; };
		628DE15F2F951072003C9F82 /* 560. Subarray Sum Equals K.h */ = {isa = PBXFileReference; lastKnownFileType = sourcecode.c.h; path = "560. Subarray Sum Equals K.h"; sourceTree = "<group>"; };
		628DE1602F951072003C9F82 /* 581. Shortest Unsorted Continuous Subarray.h */ = {isa = PBXFileReference; lastKnownFileType = sourcecode.c.h; path = "581. Shortest Unsorted Continuous Subarray.h"; sourceTree = "<group>"; };
		628DE1612F951072003C9F82 /* 617. Merge Two Binary Trees.h */ = {isa = PBXFileReference; lastKnownFileType = sourcecode.c.h; path = "617. Merge Two Binary Trees.h"; sourceTree = "<group>"; };
		628DE1622F951072003C9F82 /* 621. Task Scheduler.h */ = {isa = PBXFileReference; lastKnownFileType = sourcecode.c.h; path = "621. Task Scheduler.h"; sourceTree = "<group>"; };
		628DE1632F951072003C9F82 /* 647. Palindromic Substrings.h */ = {isa = PBXFileReference; lastKnownFileType = sourcecode.c.h; path = "647. Palindromic Substrings.h"; sourceTree = "<group>"; };
		628DE1642F951072003C9F82 /* 739. Daily Temperatures.h */ = {isa = PBXFileReference; lastKnownFileType = sourcecode.c.h; path = "739. Daily Temperatures.h"; sourceTree = "<group>"; };
		62DBEFE52F94C26200AA637C /* 1. twoSum.h */ = {isa = PBXFileReference; lastKnownFileType = sourcecode.c.h; path = "1. twoSum.h"; sourceTree = "<group>"; };
		62DBEFE72F94C4D000AA637C /* 2. addTwoNumbers.h */ = {isa = PBXFileReference; lastKnownFileType = sourcecode.c.h; path = "2. addTwoNumbers.h"; sourceTree = "<group>"; };
		62DBEFE82F94C6FE00AA637C /* 3. lengthOfLongestSubstring.h */ = {isa = PBXFileReference; lastKnownFileType = sourcecode.c.h; path = "3. lengthOfLongestSubstring.h"; sourceTree = "<group>"; };
		62DBEFE92F94C74100AA637C /* 4. findMedianSortedArrays.h */ = {isa = PBXFileReference; lastKnownFileType = sourcecode.c.h; path = "4. findMedianSortedArrays.h"; sourceTree = "<group>"; };
		62DBEFEA2F94C82F00AA637C /* 5. longestPalindrome.h */ = {isa = PBXFileReference; lastKnownFileType = sourcecode.c.h; path = "5. longestPalindrome.h"; sourceTree = "<group>"; };
		62DBEFEC2F94CAC800AA637C /* 10. regularExpressionMatching.h */ = {isa = PBXFileReference; lastKnownFileType = sourcecode.c.h; path = "10. regularExpressionMatching.h"; sourceTree = "<group>"; };
		62DBEFED2F94CB3800AA637C /* 11. containerWithMostWater.h */ = {isa = PBXFileReference; lastKnownFileType = sourcecode.c.h; path = "11. containerWithMostWater.h"; sourceTree = "<group>"; };
		62DBEFEE2F94CB8100AA637C /* 15. 3sum.h */ = {isa = PBXFileReference; lastKnownFileType = sourcecode.c.h; path = "15. 3sum.h"; sourceTree = "<group>"; };
		62DBEFEF2F94CBD400AA637C /* 17. letterCombination.h */ = {isa = PBXFileReference; lastKnownFileType = sourcecode.c.h; path = "17. letterCombination.h"; sourceTree = "<group>"; };
		62DBEFF02F94CC6800AA637C /* 19. removeFromLInkedList.h */ = {isa = PBXFileReference; lastKnownFileType = sourcecode.c.h; path = "19. removeFromLInkedList.h"; sourceTree = "<group>"; };
		62DBEFF12F94CD0200AA637C /* 20. Valid Parentheses.h */ = {isa = PBXFileReference; lastKnownFileType = sourcecode.c.h; path = "20. Valid Parentheses.h"; sourceTree = "<group>"; };
		62DBEFF22F94CD7800AA637C /* 21. Merge Two Sorted Lists.h */ = {isa = PBXFileReference; lastKnownFileType = sourcecode.c.h; path = "21. Merge Two Sorted Lists.h"; sourceTree = "<group>"; };
		62DBEFF32F94CDA900AA637C /* 22. Generate Parentheses.h */ = {isa = PBXFileReference; lastKnownFileType = sourcecode.c.h; path = "22. Generate Parentheses.h"; sourceTree = "<group>"; };
		62DBEFF42F94CDF800AA637C /* 23. Merge k Sorted Lists.h */ = {isa = PBXFileReference; lastKnownFileType = sourcecode.c.h; path = "23. Merge k Sorted Lists.h"; sourceTree = "<group>"; };
		62DBEFF52F94CE7C00AA637C /* 31. Next Permutation.h */ = {isa = PBXFileReference; lastKnownFileType = sourcecode.c.h; path = "31. Next Permutation.h"; sourceTree = "<group>"; };
		62DBEFF62F94CF2A00AA637C /* 32. Longest Valid Parentheses.h */ = {isa = PBXFileReference; lastKnownFileType = sourcecode.c.h; path = "32. Longest Valid Parentheses.h"; sourceTree = "<group>"; };
		62DBEFF72F94CFA700AA637C /* 33. Search in Rotated Sorted Array.h */ = {isa = PBXFileReference; lastKnownFileType = sourcecode.c.h; path = "33. Search in Rotated Sorted Array.h"; sourceTree = "<group>"; };
		62DBEFF82F94D02000AA637C /* 34. Find First and Last Position of Element in Sorted Array.h */ = {isa = PBXFileReference; lastKnownFileType = sourcecode.c.h; path = "34. Find First and Last Position of Element in Sorted Array.h"; sourceTree = "<group>"; };
		62DBEFF92F94D0C200AA637C /* 39. Combination Sum.h */ = {isa = PBXFileReference; lastKnownFileType = sourcecode.c.h; path = "39. Combination Sum.h"; sourceTree = "<group>"; };
		62DBEFFA2F94D0F600AA637C /* 42. Trapping Rain Water.h */ = {isa = PBXFileReference; lastKnownFileType = sourcecode.c.h; path = "42. Trapping Rain Water.h"; sourceTree = "<group>"; };
		62DBEFFB2F94D11E00AA637C /* 46. Permutations.h */ = {isa = PBXFileReference; lastKnownFileType = sourcecode.c.h; path = "46. Permutations.h"; sourceTree = "<group>"; };
		62DBEFFC2F94D14700AA637C /* 48. Rotate Image.h */ = {isa = PBXFileReference; lastKnownFileType = sourcecode.c.h; path = "48. Rotate Image.h"; sourceTree = "<group>"; };
		62DBEFFD2F94D18D00AA637C /* 49. Group Anagrams.h */ = {isa = PBXFileReference; lastKnownFileType = sourcecode.c.h; path = "49. Group Anagrams.h"; sourceTree = "<group>"; };
		62DBEFFE2F94D1CD00AA637C /* 53. Maximum Subarray.h */ = {isa = PBXFileReference; lastKnownFileType = sourcecode.c.h; path = "53. Maximum Subarray.h"; sourceTree = "<group>"; };
		62DBEFFF2F94D1EB00AA637C /* 55. Jump Game.h */ = {isa = PBXFileReference; lastKnownFileType = sourcecode.c.h; path = "55. Jump Game.h"; sourceTree = "<group>"; };
		62DBF0002F94D21500AA637C /* 56. Merge Intervals.h */ = {isa = PBXFileReference; lastKnownFileType = sourcecode.c.h; path = "56. Merge Intervals.h"; sourceTree = "<group>"; };
		62DBF0012F94D24200AA637C /* 62. Unique Paths.h */ = {isa = PBXFileReference; lastKnownFileType = sourcecode.c.h; path = "62. Unique Paths.h"; sourceTree = "<group>"; };
		62DBF0022F94D26B00AA637C /* 64. Minimum Path Sum.h */ = {isa = PBXFileReference; lastKnownFileType = sourcecode.c.h; path = "64. Minimum Path Sum.h"; sourceTree = "<group>"; };
		62DBF0032F94D2A600AA637C /* 70. Climbing Stairs.h */ = {isa = PBXFileReference; lastKnownFileType = sourcecode.c.h; path = "70. Climbing Stairs.h"; sourceTree = "<group>"; };
		62DBF0042F94D2CF00AA637C /* 72. Edit Distance.h */ = {isa = PBXFileReference; lastKnownFileType = sourcecode.c.h; path = "72. Edit Distance.h"; sourceTree = "<group>"; };
		62DBF0052F94D31F00AA637C /* 75. Sort Colors.h */ = {isa = PBXFileReference; lastKnownFileType = sourcecode.c.h; path = "75. Sort Colors.h"; sourceTree = "<group>"; };
		A21D7E721B14F227006CCB2A /* tenary.h */ = {isa = PBXFileReference; lastKnownFileType = sourcecode.c.h; name = tenary.h; path = Solution/tenary.h; sourceTree = "<group>"; };
		A22066811A01F29D00ED6341 /* Algorithm.h */ = {isa = PBXFileReference; lastKnownFileType = sourcecode.c.h; path = Algorithm.h; sourceTree = "<group>"; };
		A22066821A01F29D00ED6341 /* Container.h */ = {isa = PBXFileReference; lastKnownFileType = sourcecode.c.h; path = Container.h; sourceTree = "<group>"; };
		A22066831A01F29D00ED6341 /* InputOutput.h */ = {isa = PBXFileReference; lastKnownFileType = sourcecode.c.h; path = InputOutput.h; sourceTree = "<group>"; };
		A22066841A01F29D00ED6341 /* Numerics.h */ = {isa = PBXFileReference; lastKnownFileType = sourcecode.c.h; path = Numerics.h; sourceTree = "<group>"; };
		A232651D1A01D99E007F6C77 /* Prefix.pch */ = {isa = PBXFileReference; lastKnownFileType = sourcecode.c.h; path = Prefix.pch; sourceTree = "<group>"; };
		A2D42F1719FEC6ED0098F93B /* leetcodeInXcode */ = {isa = PBXFileReference; explicitFileType = "compiled.mach-o.executable"; includeInIndex = 0; path = leetcodeInXcode; sourceTree = BUILT_PRODUCTS_DIR; };
		A2D42F1A19FEC6ED0098F93B /* main.cpp */ = {isa = PBXFileReference; lastKnownFileType = sourcecode.cpp.cpp; path = main.cpp; sourceTree = "<group>"; };
/* End PBXFileReference section */

/* Begin PBXFileSystemSynchronizedRootGroup section */
		624280ED2F95D5430056E7BE /* JD */ = {isa = PBXFileSystemSynchronizedRootGroup; explicitFileTypes = {}; explicitFolders = (); path = JD; sourceTree = "<group>"; };
/* End PBXFileSystemSynchronizedRootGroup section */

/* Begin PBXFrameworksBuildPhase section */
		A2D42F1419FEC6ED0098F93B /* Frameworks */ = {
			isa = PBXFrameworksBuildPhase;
			buildActionMask = 2147483647;
			files = (
			);
			runOnlyForDeploymentPostprocessing = 0;
		};
/* End PBXFrameworksBuildPhase section */

/* Begin PBXGroup section */
		A21A79D41B1A4C4100BDD366 /* lintcode */ = {
			isa = PBXGroup;
			children = (
				624280ED2F95D5430056E7BE /* JD */,
			);
			name = lintcode;
			path = Solution;
			sourceTree = "<group>";
		};
		A21A79D51B1A4C5600BDD366 /* other */ = {
			isa = PBXGroup;
			children = (
				A21D7E721B14F227006CCB2A /* tenary.h */,
			);
			name = other;
			sourceTree = "<group>";
		};
		A22066801A01F29D00ED6341 /* header */ = {
			isa = PBXGroup;
			children = (
				A22066811A01F29D00ED6341 /* Algorithm.h */,
				A22066821A01F29D00ED6341 /* Container.h */,
				A22066831A01F29D00ED6341 /* InputOutput.h */,
				A22066841A01F29D00ED6341 /* Numerics.h */,
			);
			path = header;
			sourceTree = "<group>";
		};
		A22066881A01F2C900ED6341 /* leetcode */ = {
			isa = PBXGroup;
			children = (
				62DBEFE52F94C26200AA637C /* 1. twoSum.h */,
				62DBEFE72F94C4D000AA637C /* 2. addTwoNumbers.h */,
				62DBEFE82F94C6FE00AA637C /* 3. lengthOfLongestSubstring.h */,
				62DBEFE92F94C74100AA637C /* 4. findMedianSortedArrays.h */,
				62DBEFEA2F94C82F00AA637C /* 5. longestPalindrome.h */,
				628DE11D2F951039003C9F82 /* 6. Zigzag Conversion.h */,
				628DE11E2F951039003C9F82 /* 7. Integer to Roman.h */,
				62DBEFEC2F94CAC800AA637C /* 10. regularExpressionMatching.h */,
				62DBEFED2F94CB3800AA637C /* 11. containerWithMostWater.h */,
				62DBEFEE2F94CB8100AA637C /* 15. 3sum.h */,
				62DBEFEF2F94CBD400AA637C /* 17. letterCombination.h */,
				62DBEFF02F94CC6800AA637C /* 19. removeFromLInkedList.h */,
				62DBEFF12F94CD0200AA637C /* 20. Valid Parentheses.h */,
				62DBEFF22F94CD7800AA637C /* 21. Merge Two Sorted Lists.h */,
				62DBEFF32F94CDA900AA637C /* 22. Generate Parentheses.h */,
				62DBEFF42F94CDF800AA637C /* 23. Merge k Sorted Lists.h */,
				62DBEFF52F94CE7C00AA637C /* 31. Next Permutation.h */,
				62DBEFF62F94CF2A00AA637C /* 32. Longest Valid Parentheses.h */,
				62DBEFF72F94CFA700AA637C /* 33. Search in Rotated Sorted Array.h */,
				62DBEFF82F94D02000AA637C /* 34. Find First and Last Position of Element in Sorted Array.h */,
				62DBEFF92F94D0C200AA637C /* 39. Combination Sum.h */,
				62DBEFFA2F94D0F600AA637C /* 42. Trapping Rain Water.h */,
				62DBEFFB2F94D11E00AA637C /* 46. Permutations.h */,
				62DBEFFC2F94D14700AA637C /* 48. Rotate Image.h */,
				62DBEFFD2F94D18D00AA637C /* 49. Group Anagrams.h */,
				62DBEFFE2F94D1CD00AA637C /* 53. Maximum Subarray.h */,
				62DBEFFF2F94D1EB00AA637C /* 55. Jump Game.h */,
				62DBF0002F94D21500AA637C /* 56. Merge Intervals.h */,
				62DBF0012F94D24200AA637C /* 62. Unique Paths.h */,
				62DBF0022F94D26B00AA637C /* 64. Minimum Path Sum.h */,
				62DBF0032F94D2A600AA637C /* 70. Climbing Stairs.h */,
				62DBF0042F94D2CF00AA637C /* 72. Edit Distance.h */,
				62DBF0052F94D31F00AA637C /* 75. Sort Colors.h */,
				628DE11F2F951072003C9F82 /* 76. Minimum Window Substring.h */,
				628DE1202F951072003C9F82 /* 78. Subsets.h */,
				628DE1212F951072003C9F82 /* 79. Word Search.h */,
				628DE1222F951072003C9F82 /* 84. Largest Rectangle in Histogram.h */,
				628DE1232F951072003C9F82 /* 85. Maximal Rectangle.h */,
				628DE1242F951072003C9F82 /* 94. Binary Tree Inorder Traversal.h */,
				628DE1252F951072003C9F82 /* 96. Unique Binary Search Trees.h */,
				628DE1262F951072003C9F82 /* 98. Validate Binary Search Tree.h */,
				628DE1272F951072003C9F82 /* 101. Symmetric Tree.h */,
				628DE1282F951072003C9F82 /* 102. Binary Tree Level Order Traversal.h */,
				628DE1292F951072003C9F82 /* 104. Maximum Depth of Binary Tree.h */,
				628DE12A2F951072003C9F82 /* 105. Construct Binary Tree from Preorder and Inorder Traversal.h */,
				628DE12B2F951072003C9F82 /* 114. Flatten Binary Tree to Linked List.h */,
				628DE12C2F951072003C9F82 /* 121. Best Time to Buy and Sell Stock.h */,
				628DE12D2F951072003C9F82 /* 124. Binary Tree Maximum Path Sum.h */,
				628DE12E2F951072003C9F82 /* 128. Longest Consecutive Sequence.h */,
				628DE12F2F951072003C9F82 /* 136. Single Number.h */,
				628DE1302F951072003C9F82 /* 138. copyRandomList.h */,
				628DE1312F951072003C9F82 /* 139. Word Break.h */,
				628DE1322F951072003C9F82 /* 141. Linked List Cycle.h */,
				628DE1332F951072003C9F82 /* 142. Linked List Cycle II.h */,
				628DE1342F951072003C9F82 /* 146. LRU Cache.h */,
				628DE1352F951072003C9F82 /* 148. Sort List.h */,
				628DE1362F951072003C9F82 /* 152. Maximum Product Subarray.h */,
				628DE1372F951072003C9F82 /* 155. Min Stack.h */,
				628DE1382F951072003C9F82 /* 160. Intersection of Two Linked Lists.h */,
				628DE1392F951072003C9F82 /* 169. Majority Element.h */,
				628DE13A2F951072003C9F82 /* 198. House Robber.h */,
				628DE13B2F951072003C9F82 /* 200. Number of Islands.h */,
				628DE13C2F951072003C9F82 /* 206. Reverse Linked List.h */,
				628DE13D2F951072003C9F82 /* 207. Course Schedule.h */,
				628DE13E2F951072003C9F82 /* 208. Implement Trie.h */,
				628DE13F2F951072003C9F82 /* 215. Kth Largest Element in an Array.h */,
				628DE1402F951072003C9F82 /* 221. Maximal Square.h */,
				628DE1412F951072003C9F82 /* 226. Invert Binary Tree.h */,
				628DE1422F951072003C9F82 /* 234. Palindrome Linked List.h */,
				628DE1432F951072003C9F82 /* 236. Lowest Common Ancestor of a Binary Tree.h */,
				628DE1442F951072003C9F82 /* 238. Product of Array Except Self.h */,
				628DE1452F951072003C9F82 /* 239. Sliding Window Maximum.h */,
				628DE1462F951072003C9F82 /* 240. Search a 2D Matrix II.h */,
				628DE1472F951072003C9F82 /* 253. Meeting Rooms II.h */,
				628DE1482F951072003C9F82 /* 279. Perfect Squares.h */,
				628DE1492F951072003C9F82 /* 283. Move Zeroes.h */,
				628DE14A2F951072003C9F82 /* 287. Find the Duplicate Number.h */,
				628DE14B2F951072003C9F82 /* 297. Serialize and Deserialize Binary Tree.h */,
				628DE14C2F951072003C9F82 /* 300. Longest Increasing Subsequence.h */,
				628DE14D2F951072003C9F82 /* 301. Remove Invalid Parentheses.h */,
				628DE14E2F951072003C9F82 /* 309. Best Time to Buy and Sell Stock with Cooldown.h */,
				628DE14F2F951072003C9F82 /* 312. Burst Balloons.h */,
				628DE1502F951072003C9F82 /* 322. Coin Change.h */,
				628DE1512F951072003C9F82 /* 337. House Robber III.h */,
				628DE1522F951072003C9F82 /* 338. Counting Bits.h */,
				628DE1532F951072003C9F82 /* 347. Top K Frequent Elements.h */,
				628DE1542F951072003C9F82 /* 394. Decode String.h */,
				628DE1552F951072003C9F82 /* 399. Evaluate Division.h */,
				628DE1562F951072003C9F82 /* 406. Queue Reconstruction by Height.h */,
				628DE1572F951072003C9F82 /* 416. Partition Equal Subset Sum.h */,
				628DE1582F951072003C9F82 /* 437. Path Sum III.h */,
				628DE1592F951072003C9F82 /* 438. Find All Anagrams in a String.h */,
				628DE15A2F951072003C9F82 /* 448. Find All Numbers Disappeared in an Array.h */,
				628DE15B2F951072003C9F82 /* 461. Hamming Distance.h */,
				628DE15C2F951072003C9F82 /* 494. Target Sum.h */,
				628DE15D2F951072003C9F82 /* 538. Convert BST to Greater Tree.h */,
				628DE15E2F951072003C9F82 /* 543. Diameter of Binary Tree.h */,
				628DE15F2F951072003C9F82 /* 560. Subarray Sum Equals K.h */,
				628DE1602F951072003C9F82 /* 581. Shortest Unsorted Continuous Subarray.h */,
				628DE1612F951072003C9F82 /* 617. Merge Two Binary Trees.h */,
				628DE1622F951072003C9F82 /* 621. Task Scheduler.h */,
				628DE1632F951072003C9F82 /* 647. Palindromic Substrings.h */,
				628DE1642F951072003C9F82 /* 739. Daily Temperatures.h */,
			);
			name = leetcode;
			path = Solution;
			sourceTree = "<group>";
		};
		A2D42F0E19FEC6ED0098F93B = {
			isa = PBXGroup;
			children = (
				A2D42F1919FEC6ED0098F93B /* leetcodeInXcode */,
				A2D42F1819FEC6ED0098F93B /* Products */,
			);
			sourceTree = "<group>";
		};
		A2D42F1819FEC6ED0098F93B /* Products */ = {
			isa = PBXGroup;
			children = (
				A2D42F1719FEC6ED0098F93B /* leetcodeInXcode */,
			);
			name = Products;
			sourceTree = "<group>";
		};
		A2D42F1919FEC6ED0098F93B /* leetcodeInXcode */ = {
			isa = PBXGroup;
			children = (
				A2D42F1A19FEC6ED0098F93B /* main.cpp */,
				A232651D1A01D99E007F6C77 /* Prefix.pch */,
				A21A79D51B1A4C5600BDD366 /* other */,
				A21A79D41B1A4C4100BDD366 /* lintcode */,
				A22066881A01F2C900ED6341 /* leetcode */,
				A22066801A01F29D00ED6341 /* header */,
			);
			path = leetcodeInXcode;
			sourceTree = "<group>";
		};
/* End PBXGroup section */

/* Begin PBXNativeTarget section */
		A2D42F1619FEC6ED0098F93B /* leetcodeInXcode */ = {
			isa = PBXNativeTarget;
			buildConfigurationList = A2D42F1E19FEC6ED0098F93B /* Build configuration list for PBXNativeTarget "leetcodeInXcode" */;
			buildPhases = (
				A2D42F1319FEC6ED0098F93B /* Sources */,
				A2D42F1419FEC6ED0098F93B /* Frameworks */,
				A2D42F1519FEC6ED0098F93B /* CopyFiles */,
			);
			buildRules = (
			);
			dependencies = (
			);
			fileSystemSynchronizedGroups = (
				624280ED2F95D5430056E7BE /* JD */,
			);
			name = leetcodeInXcode;
			productName = leetcodeInXcode;
			productReference = A2D42F1719FEC6ED0098F93B /* leetcodeInXcode */;
			productType = "com.apple.product-type.tool";
		};
/* End PBXNativeTarget section */

/* Begin PBXProject section */
		A2D42F0F19FEC6ED0098F93B /* Project object */ = {
			isa = PBXProject;
			attributes = {
				LastUpgradeCheck = 0610;
				ORGANIZATIONNAME = edu.self;
				TargetAttributes = {
					A2D42F1619FEC6ED0098F93B = {
						CreatedOnToolsVersion = 6.1;
						LastSwiftMigration = 2610;
					};
				};
			};
			buildConfigurationList = A2D42F1219FEC6ED0098F93B /* Build configuration list for PBXProject "leetcodeInXcode" */;
			compatibilityVersion = "Xcode 3.2";
			developmentRegion = English;
			hasScannedForEncodings = 0;
			knownRegions = (
				English,
				en,
			);
			mainGroup = A2D42F0E19FEC6ED0098F93B;
			productRefGroup = A2D42F1819FEC6ED0098F93B /* Products */;
			projectDirPath = "";
			projectRoot = "";
			targets = (
				A2D42F1619FEC6ED0098F93B /* leetcodeInXcode */,
			);
		};
/* End PBXProject section */

/* Begin PBXSourcesBuildPhase section */
		A2D42F1319FEC6ED0098F93B /* Sources */ = {
			isa = PBXSourcesBuildPhase;
			buildActionMask = 2147483647;
			files = (
				A2D42F1B19FEC6ED0098F93B /* main.cpp in Sources */,
			);
			runOnlyForDeploymentPostprocessing = 0;
		};
/* End PBXSourcesBuildPhase section */

/* Begin XCBuildConfiguration section */
		A2D42F1C19FEC6ED0098F93B /* Debug */ = {
			isa = XCBuildConfiguration;
			buildSettings = {
				ALWAYS_SEARCH_USER_PATHS = NO;
				CLANG_CXX_LANGUAGE_STANDARD = "gnu++0x";
				CLANG_CXX_LIBRARY = "libc++";
				CLANG_ENABLE_MODULES = YES;
				CLANG_ENABLE_OBJC_ARC = YES;
				CLANG_WARN_BOOL_CONVERSION = YES;
				CLANG_WARN_CONSTANT_CONVERSION = YES;
				CLANG_WARN_DIRECT_OBJC_ISA_USAGE = YES_ERROR;
				CLANG_WARN_EMPTY_BODY = YES;
				CLANG_WARN_ENUM_CONVERSION = YES;
				CLANG_WARN_INT_CONVERSION = YES;
				CLANG_WARN_OBJC_ROOT_CLASS = YES_ERROR;
				CLANG_WARN_UNREACHABLE_CODE = YES;
				CLANG_WARN__DUPLICATE_METHOD_MATCH = YES;
				COPY_PHASE_STRIP = NO;
				ENABLE_STRICT_OBJC_MSGSEND = YES;
				GCC_C_LANGUAGE_STANDARD = gnu99;
				GCC_DYNAMIC_NO_PIC = NO;
				GCC_OPTIMIZATION_LEVEL = 0;
				GCC_PREPROCESSOR_DEFINITIONS = (
					"DEBUG=1",
					"$(inherited)",
				);
				GCC_SYMBOLS_PRIVATE_EXTERN = NO;
				GCC_WARN_64_TO_32_BIT_CONVERSION = YES;
				GCC_WARN_ABOUT_RETURN_TYPE = YES_ERROR;
				GCC_WARN_UNDECLARED_SELECTOR = YES;
				GCC_WARN_UNINITIALIZED_AUTOS = YES_AGGRESSIVE;
				GCC_WARN_UNUSED_FUNCTION = YES;
				GCC_WARN_UNUSED_VARIABLE = YES;
				MACOSX_DEPLOYMENT_TARGET = 10.10;
				MTL_ENABLE_DEBUG_INFO = YES;
				ONLY_ACTIVE_ARCH = YES;
				SDKROOT = macosx;
			};
			name = Debug;
		};
		A2D42F1D19FEC6ED0098F93B /* Release */ = {
			isa = XCBuildConfiguration;
			buildSettings = {
				ALWAYS_SEARCH_USER_PATHS = NO;
				CLANG_CXX_LANGUAGE_STANDARD = "gnu++0x";
				CLANG_CXX_LIBRARY = "libc++";
				CLANG_ENABLE_MODULES = YES;
				CLANG_ENABLE_OBJC_ARC = YES;
				CLANG_WARN_BOOL_CONVERSION = YES;
				CLANG_WARN_CONSTANT_CONVERSION = YES;
				CLANG_WARN_DIRECT_OBJC_ISA_USAGE = YES_ERROR;
				CLANG_WARN_EMPTY_BODY = YES;
				CLANG_WARN_ENUM_CONVERSION = YES;
				CLANG_WARN_INT_CONVERSION = YES;
				CLANG_WARN_OBJC_ROOT_CLASS = YES_ERROR;
				CLANG_WARN_UNREACHABLE_CODE = YES;
				CLANG_WARN__DUPLICATE_METHOD_MATCH = YES;
				COPY_PHASE_STRIP = YES;
				DEBUG_INFORMATION_FORMAT = "dwarf-with-dsym";
				ENABLE_NS_ASSERTIONS = NO;
				ENABLE_STRICT_OBJC_MSGSEND = YES;
				GCC_C_LANGUAGE_STANDARD = gnu99;
				GCC_WARN_64_TO_32_BIT_CONVERSION = YES;
				GCC_WARN_ABOUT_RETURN_TYPE = YES_ERROR;
				GCC_WARN_UNDECLARED_SELECTOR = YES;
				GCC_WARN_UNINITIALIZED_AUTOS = YES_AGGRESSIVE;
				GCC_WARN_UNUSED_FUNCTION = YES;
				GCC_WARN_UNUSED_VARIABLE = YES;
				MACOSX_DEPLOYMENT_TARGET = 10.10;
				MTL_ENABLE_DEBUG_INFO = NO;
				SDKROOT = macosx;
			};
			name = Release;
		};
		A2D42F1F19FEC6ED0098F93B /* Debug */ = {
			isa = XCBuildConfiguration;
			buildSettings = {
				CLANG_ENABLE_MODULES = YES;
				GCC_PRECOMPILE_PREFIX_HEADER = YES;
				GCC_PREFIX_HEADER = leetcodeInXcode/Prefix.pch;
				HEADER_SEARCH_PATHS = (
					"$(inherited)",
					/Applications/Xcode.app/Contents/Developer/Toolchains/XcodeDefault.xctoolchain/usr/include,
					leetcodeInXcode/Solution/,
				);
				PRODUCT_NAME = "$(TARGET_NAME)";
				SWIFT_OBJC_BRIDGING_HEADER = "leetcodeInXcode/Solution/leetcodeInXcode-Bridging-Header.h";
				SWIFT_OPTIMIZATION_LEVEL = "-Onone";
				SWIFT_VERSION = 6.0;
			};
			name = Debug;
		};
		A2D42F2019FEC6ED0098F93B /* Release */ = {
			isa = XCBuildConfiguration;
			buildSettings = {
				CLANG_ENABLE_MODULES = YES;
				GCC_PRECOMPILE_PREFIX_HEADER = YES;
				GCC_PREFIX_HEADER = leetcodeInXcode/Prefix.pch;
				HEADER_SEARCH_PATHS = (
					"$(inherited)",
					/Applications/Xcode.app/Contents/Developer/Toolchains/XcodeDefault.xctoolchain/usr/include,
					leetcodeInXcode/Solution/,
				);
				PRODUCT_NAME = "$(TARGET_NAME)";
				SWIFT_OBJC_BRIDGING_HEADER = "leetcodeInXcode/Solution/leetcodeInXcode-Bridging-Header.h";
				SWIFT_VERSION = 6.0;
			};
			name = Release;
		};
/* End XCBuildConfiguration section */

/* Begin XCConfigurationList section */
		A2D42F1219FEC6ED0098F93B /* Build configuration list for PBXProject "leetcodeInXcode" */ = {
			isa = XCConfigurationList;
			buildConfigurations = (
				A2D42F1C19FEC6ED0098F93B /* Debug */,
				A2D42F1D19FEC6ED0098F93B /* Release */,
			);
			defaultConfigurationIsVisible = 0;
			defaultConfigurationName = Release;
		};
		A2D42F1E19FEC6ED0098F93B /* Build configuration list for PBXNativeTarget "leetcodeInXcode" */ = {
			isa = XCConfigurationList;
			buildConfigurations = (
				A2D42F1F19FEC6ED0098F93B /* Debug */,
				A2D42F2019FEC6ED0098F93B /* Release */,
			);
			defaultConfigurationIsVisible = 0;
			defaultConfigurationName = Release;
		};
/* End XCConfigurationList section */
	};
	rootObject = A2D42F0F19FEC6ED0098F93B /* Project object */;
}
